
Microsoft Visual Studio Solution File, Format Version 12.00
# Visual Studio Version 16
VisualStudioVersion = 16.0.30907.101
MinimumVisualStudioVersion = 10.0.40219.1
Project("{9A19103F-16F7-4668-BE54-9A1E7A4F7556}") = "2. semesterprojekttest", "2. semesterprojekttest\2. semesterprojekttest.csproj", "{048AFA67-AA76-4953-A288-91CFF9196BCD}"
EndProject
Global
	GlobalSection(SolutionConfigurationPlatforms) = preSolution
		Debug|Any CPU = Debug|Any CPU
		Release|Any CPU = Release|Any CPU
	EndGlobalSection
	GlobalSection(ProjectConfigurationPlatforms) = postSolution
		{048AFA67-AA76-4953-A288-91CFF9196BCD}.Debug|Any CPU.ActiveCfg = Debug|Any CPU
		{048AFA67-AA76-4953-A288-91CFF9196BCD}.Debug|Any CPU.Build.0 = Debug|Any CPU
		{048AFA67-AA76-4953-A288-91CFF9196BCD}.Release|Any CPU.ActiveCfg = Release|Any CPU
		{048AFA67-AA76-4953-A288-91CFF9196BCD}.Release|Any CPU.Build.0 = Release|Any CPU
	EndGlobalSection
	GlobalSection(SolutionProperties) = preSolution
		HideSolutionNode = FALSE
	EndGlobalSection
	GlobalSection(ExtensibilityGlobals) = postSolution
		SolutionGuid = {B2FF9BBF-0E56-4725-A940-119DF810DBD3}
	EndGlobalSection
EndGlobal
